
Microsoft Visual Studio Solution File, Format Version 12.00
# Visual Studio Version 16
VisualStudioVersion = 16.0.29215.179
MinimumVisualStudioVersion = 10.0.40219.1
Project("{FAE04EC0-301F-11D3-BF4B-00C04F79EFBC}") = "PulsacionesUI", "PulsacionesUI\PulsacionesUI.csproj", "{BBB9C662-E19C-4E9F-8B3A-0135426342BD}"
EndProject
Project("{FAE04EC0-301F-11D3-BF4B-00C04F79EFBC}") = "BLL", "BLL\BLL.csproj", "{11FC62CB-699B-4C05-AD92-EF536C9EE248}"
EndProject
Project("{FAE04EC0-301F-11D3-BF4B-00C04F79EFBC}") = "DAL", "DAL\DAL.csproj", "{67CD4FAE-FAF4-4B58-8D00-682827D4450D}"
EndProject
Project("{FAE04EC0-301F-11D3-BF4B-00C04F79EFBC}") = "Entity", "Entity\Entity.csproj", "{00E97E42-E8CB-4EF8-A1E3-5B7A863ADD9F}"
EndProject
Project("{FAE04EC0-301F-11D3-BF4B-00C04F79EFBC}") = "PusacionesGUI", "PusacionesGUI\PusacionesGUI.csproj", "{311A2B34-1988-4159-BE50-8B5991FEF2BB}"
EndProject
Project("{FAE04EC0-301F-11D3-BF4B-00C04F79EFBC}") = "Infraestructura", "Infraestructura\Infraestructura.csproj", "{B3866929-74EF-43EF-98A8-9D1C7CD26BBA}"
EndProject
Global
	GlobalSection(SolutionConfigurationPlatforms) = preSolution
		Debug|Any CPU = Debug|Any CPU
		Release|Any CPU = Release|Any CPU
	EndGlobalSection
	GlobalSection(ProjectConfigurationPlatforms) = postSolution
		{BBB9C662-E19C-4E9F-8B3A-0135426342BD}.Debug|Any CPU.ActiveCfg = Debug|Any CPU
		{BBB9C662-E19C-4E9F-8B3A-0135426342BD}.Debug|Any CPU.Build.0 = Debug|Any CPU
		{BBB9C662-E19C-4E9F-8B3A-0135426342BD}.Release|Any CPU.ActiveCfg = Release|Any CPU
		{BBB9C662-E19C-4E9F-8B3A-0135426342BD}.Release|Any CPU.Build.0 = Release|Any CPU
		{11FC62CB-699B-4C05-AD92-EF536C9EE248}.Debug|Any CPU.ActiveCfg = Debug|Any CPU
		{11FC62CB-699B-4C05-AD92-EF536C9EE248}.Debug|Any CPU.Build.0 = Debug|Any CPU
		{11FC62CB-699B-4C05-AD92-EF536C9EE248}.Release|Any CPU.ActiveCfg = Release|Any CPU
		{11FC62CB-699B-4C05-AD92-EF536C9EE248}.Release|Any CPU.Build.0 = Release|Any CPU
		{67CD4FAE-FAF4-4B58-8D00-682827D4450D}.Debug|Any CPU.ActiveCfg = Debug|Any CPU
		{67CD4FAE-FAF4-4B58-8D00-682827D4450D}.Debug|Any CPU.Build.0 = Debug|Any CPU
		{67CD4FAE-FAF4-4B58-8D00-682827D4450D}.Release|Any CPU.ActiveCfg = Release|Any CPU
		{67CD4FAE-FAF4-4B58-8D00-682827D4450D}.Release|Any CPU.Build.0 = Release|Any CPU
		{00E97E42-E8CB-4EF8-A1E3-5B7A863ADD9F}.Debug|Any CPU.ActiveCfg = Debug|Any CPU
		{00E97E42-E8CB-4EF8-A1E3-5B7A863ADD9F}.Debug|Any CPU.Build.0 = Debug|Any CPU
		{00E97E42-E8CB-4EF8-A1E3-5B7A863ADD9F}.Release|Any CPU.ActiveCfg = Release|Any CPU
		{00E97E42-E8CB-4EF8-A1E3-5B7A863ADD9F}.Release|Any CPU.Build.0 = Release|Any CPU
		{311A2B34-1988-4159-BE50-8B5991FEF2BB}.Debug|Any CPU.ActiveCfg = Debug|Any CPU
		{311A2B34-1988-4159-BE50-8B5991FEF2BB}.Debug|Any CPU.Build.0 = Debug|Any CPU
		{311A2B34-1988-4159-BE50-8B5991FEF2BB}.Release|Any CPU.ActiveCfg = Release|Any CPU
		{311A2B34-1988-4159-BE50-8B5991FEF2BB}.Release|Any CPU.Build.0 = Release|Any CPU
		{B3866929-74EF-43EF-98A8-9D1C7CD26BBA}.Debug|Any CPU.ActiveCfg = Debug|Any CPU
		{B3866929-74EF-43EF-98A8-9D1C7CD26BBA}.Debug|Any CPU.Build.0 = Debug|Any CPU
		{B3866929-74EF-43EF-98A8-9D1C7CD26BBA}.Release|Any CPU.ActiveCfg = Release|Any CPU
		{B3866929-74EF-43EF-98A8-9D1C7CD26BBA}.Release|Any CPU.Build.0 = Release|Any CPU
	EndGlobalSection
	GlobalSection(SolutionProperties) = preSolution
		HideSolutionNode = FALSE
	EndGlobalSection
	GlobalSection(ExtensibilityGlobals) = postSolution
		SolutionGuid = {70FDA403-107D-4E6E-86C7-B68B3111AE2D}
	EndGlobalSection
EndGlobal
